
Microsoft Visual Studio Solution File, Format Version 12.00
# Visual Studio Version 17
VisualStudioVersion = 17.0.31903.59
MinimumVisualStudioVersion = 10.0.40219.1
Project("{FAE04EC0-301F-11D3-BF4B-00C04F79EFBC}") = "IoTSensorDataProcessor.Api", "IoTSensorDataProcessor.Api\IoTSensorDataProcessor.Api.csproj", "{0283E903-EB24-42F2-A3AC-59DA08FF4982}"
EndProject
Project("{FAE04EC0-301F-11D3-BF4B-00C04F79EFBC}") = "IoTSensorDataProcessor.Core", "IoTSensorDataProcessor.Core\IoTSensorDataProcessor.Core.csproj", "{067C4AF8-9CF2-465F-BF36-13C579B7D62B}"
EndProject
Project("{FAE04EC0-301F-11D3-BF4B-00C04F79EFBC}") = "IoTSensorDataProcessor.Infrastructure", "IoTSensorDataProcessor.Infrastructure\IoTSensorDataProcessor.Infrastructure.csproj", "{36609DB0-35F7-4E1D-A3AB-F74C9F2940B3}"
EndProject
Project("{FAE04EC0-301F-11D3-BF4B-00C04F79EFBC}") = "IoTSensorDataProcessor.Worker", "IoTSensorDataProcessor.Worker\IoTSensorDataProcessor.Worker.csproj", "{3E915DF8-DBEB-4593-A5A8-702CDADF2974}"
EndProject
Global
	GlobalSection(SolutionConfigurationPlatforms) = preSolution
		Debug|Any CPU = Debug|Any CPU
		Debug|x64 = Debug|x64
		Debug|x86 = Debug|x86
		Release|Any CPU = Release|Any CPU
		Release|x64 = Release|x64
		Release|x86 = Release|x86
	EndGlobalSection
	GlobalSection(ProjectConfigurationPlatforms) = postSolution
		{0283E903-EB24-42F2-A3AC-59DA08FF4982}.Debug|Any CPU.ActiveCfg = Debug|Any CPU
		{0283E903-EB24-42F2-A3AC-59DA08FF4982}.Debug|Any CPU.Build.0 = Debug|Any CPU
		{0283E903-EB24-42F2-A3AC-59DA08FF4982}.Debug|x64.ActiveCfg = Debug|Any CPU
		{0283E903-EB24-42F2-A3AC-59DA08FF4982}.Debug|x64.Build.0 = Debug|Any CPU
		{0283E903-EB24-42F2-A3AC-59DA08FF4982}.Debug|x86.ActiveCfg = Debug|Any CPU
		{0283E903-EB24-42F2-A3AC-59DA08FF4982}.Debug|x86.Build.0 = Debug|Any CPU
		{0283E903-EB24-42F2-A3AC-59DA08FF4982}.Release|Any CPU.ActiveCfg = Release|Any CPU
		{0283E903-EB24-42F2-A3AC-59DA08FF4982}.Release|Any CPU.Build.0 = Release|Any CPU
		{0283E903-EB24-42F2-A3AC-59DA08FF4982}.Release|x64.ActiveCfg = Release|Any CPU
		{0283E903-EB24-42F2-A3AC-59DA08FF4982}.Release|x64.Build.0 = Release|Any CPU
		{0283E903-EB24-42F2-A3AC-59DA08FF4982}.Release|x86.ActiveCfg = Release|Any CPU
		{0283E903-EB24-42F2-A3AC-59DA08FF4982}.Release|x86.Build.0 = Release|Any CPU
		{067C4AF8-9CF2-465F-BF36-13C579B7D62B}.Debug|Any CPU.ActiveCfg = Debug|Any CPU
		{067C4AF8-9CF2-465F-BF36-13C579B7D62B}.Debug|Any CPU.Build.0 = Debug|Any CPU
		{067C4AF8-9CF2-465F-BF36-13C579B7D62B}.Debug|x64.ActiveCfg = Debug|Any CPU
		{067C4AF8-9CF2-465F-BF36-13C579B7D62B}.Debug|x64.Build.0 = Debug|Any CPU
		{067C4AF8-9CF2-465F-BF36-13C579B7D62B}.Debug|x86.ActiveCfg = Debug|Any CPU
		{067C4AF8-9CF2-465F-BF36-13C579B7D62B}.Debug|x86.Build.0 = Debug|Any CPU
		{067C4AF8-9CF2-465F-BF36-13C579B7D62B}.Release|Any CPU.ActiveCfg = Release|Any CPU
		{067C4AF8-9CF2-465F-BF36-13C579B7D62B}.Release|Any CPU.Build.0 = Release|Any CPU
		{067C4AF8-9CF2-465F-BF36-13C579B7D62B}.Release|x64.ActiveCfg = Release|Any CPU
		{067C4AF8-9CF2-465F-BF36-13C579B7D62B}.Release|x64.Build.0 = Release|Any CPU
		{067C4AF8-9CF2-465F-BF36-13C579B7D62B}.Release|x86.ActiveCfg = Release|Any CPU
		{067C4AF8-9CF2-465F-BF36-13C579B7D62B}.Release|x86.Build.0 = Release|Any CPU
		{36609DB0-35F7-4E1D-A3AB-F74C9F2940B3}.Debug|Any CPU.ActiveCfg = Debug|Any CPU
		{36609DB0-35F7-4E1D-A3AB-F74C9F2940B3}.Debug|Any CPU.Build.0 = Debug|Any CPU
		{36609DB0-35F7-4E1D-A3AB-F74C9F2940B3}.Debug|x64.ActiveCfg = Debug|Any CPU
		{36609DB0-35F7-4E1D-A3AB-F74C9F2940B3}.Debug|x64.Build.0 = Debug|Any CPU
		{36609DB0-35F7-4E1D-A3AB-F74C9F2940B3}.Debug|x86.ActiveCfg = Debug|Any CPU
		{36609DB0-35F7-4E1D-A3AB-F74C9F2940B3}.Debug|x86.Build.0 = Debug|Any CPU
		{36609DB0-35F7-4E1D-A3AB-F74C9F2940B3}.Release|Any CPU.ActiveCfg = Release|Any CPU
		{36609DB0-35F7-4E1D-A3AB-F74C9F2940B3}.Release|Any CPU.Build.0 = Release|Any CPU
		{36609DB0-35F7-4E1D-A3AB-F74C9F2940B3}.Release|x64.ActiveCfg = Release|Any CPU
		{36609DB0-35F7-4E1D-A3AB-F74C9F2940B3}.Release|x64.Build.0 = Release|Any CPU
		{36609DB0-35F7-4E1D-A3AB-F74C9F2940B3}.Release|x86.ActiveCfg = Release|Any CPU
		{36609DB0-35F7-4E1D-A3AB-F74C9F2940B3}.Release|x86.Build.0 = Release|Any CPU
		{3E915DF8-DBEB-4593-A5A8-702CDADF2974}.Debug|Any CPU.ActiveCfg = Debug|Any CPU
		{3E915DF8-DBEB-4593-A5A8-702CDADF2974}.Debug|Any CPU.Build.0 = Debug|Any CPU
		{3E915DF8-DBEB-4593-A5A8-702CDADF2974}.Debug|x64.ActiveCfg = Debug|Any CPU
		{3E915DF8-DBEB-4593-A5A8-702CDADF2974}.Debug|x64.Build.0 = Debug|Any CPU
		{3E915DF8-DBEB-4593-A5A8-702CDADF2974}.Debug|x86.ActiveCfg = Debug|Any CPU
		{3E915DF8-DBEB-4593-A5A8-702CDADF2974}.Debug|x86.Build.0 = Debug|Any CPU
		{3E915DF8-DBEB-4593-A5A8-702CDADF2974}.Release|Any CPU.ActiveCfg = Release|Any CPU
		{3E915DF8-DBEB-4593-A5A8-702CDADF2974}.Release|Any CPU.Build.0 = Release|Any CPU
		{3E915DF8-DBEB-4593-A5A8-702CDADF2974}.Release|x64.ActiveCfg = Release|Any CPU
		{3E915DF8-DBEB-4593-A5A8-702CDADF2974}.Release|x64.Build.0 = Release|Any CPU
		{3E915DF8-DBEB-4593-A5A8-702CDADF2974}.Release|x86.ActiveCfg = Release|Any CPU
		{3E915DF8-DBEB-4593-A5A8-702CDADF2974}.Release|x86.Build.0 = Release|Any CPU
	EndGlobalSection
	GlobalSection(SolutionProperties) = preSolution
		HideSolutionNode = FALSE
	EndGlobalSection
EndGlobal
